github.com/flywave/go3d v0.0.0-20220209071216-2c50e8b3e7ff h1:B4CbtbuGiceyTFkhxrgA4OYw+TseiuU3CDJSQqGLoBU=
github.com/flywave/go3d v0.0.0-20220209071216-2c50e8b3e7ff/go.mod h1:0/K6WtaMwhhVJb84xWStt+ALQl2EdvzW2oJqz+330GU=
github.com/go-test/deep v1.0.1 h1:UQhStjbkDClarlmv0am7OXXO4/GaPdCGiUiMTvi28sg=
github.com/go-test/deep v1.0.1/go.mod h1:wGDj63lr65AM2AQyKZd/NYHGb0R+1RLqB8NKt3aSFNA=
github.com/qmuntal/gltf v0.20.3 h1:9oW6IAgHROZjwBcEVgkBhH1SR/7TLlVfSn6VDr/2h3E=
github.com/qmuntal/gltf v0.20.3/go.mod h1:ENqYfECmeaqs2BWXWe6OKtMC8ucZII6s9OHr6F5oZ94=
