github.com/flywave/gltf v0.20.4-0.20250411080706-f58af20d5f38 h1:z8hRCF+2LIpkW35brQPFyi7LS8FKz14UCXspsV6ujS0=
github.com/flywave/gltf v0.20.4-0.20250411080706-f58af20d5f38/go.mod h1:h3xfqxMbijh9QHULN7kIIGyPmmZi04oWdws7sPwLTs4=
github.com/flywave/go-mst v0.0.0-20250411081538-2c0bc0ea6e8b h1:gnM8zd/pG8JnZwFTUaGWB1ir3BTf2d93Z8sOgFXrWys=
github.com/flywave/go-mst v0.0.0-20250411081538-2c0bc0ea6e8b/go.mod h1:YcbXGjYSuDQn3vJanTRtlSTKRbCxdfRwigOv3GaiDfE=
github.com/flywave/go-proj v0.0.0-20250317074013-7323e93208df h1:fG0E6JoSWBgnIESzKJbEmwWn8K8kcpCtWv/1X/maz4A=
github.com/flywave/go-proj v0.0.0-20250317074013-7323e93208df/go.mod h1:RX83BRZNwcerL4DIU5TqQyKarhYx8W/cwTMYfSAwXiE=
github.com/flywave/go3d v0.0.0-20250314015505-bf0fda02e242 h1:XU3CfYUCsQoAlTGMmbIWwUc7h4oPP6f7BjzffaObwP8=
github.com/flywave/go3d v0.0.0-20250314015505-bf0fda02e242/go.mod h1:bvblxPT+cF0zgDi71CuusPPWCwqU0SikE9ySl2NzeQw=
github.com/go-test/deep v1.0.1 h1:UQhStjbkDClarlmv0am7OXXO4/GaPdCGiUiMTvi28sg=
github.com/go-test/deep v1.0.1/go.mod h1:wGDj63lr65AM2AQyKZd/NYHGb0R+1RLqB8NKt3aSFNA=
github.com/xtgo/uuid v0.0.0-20140804021211-a0b114877d4c h1:3lbZUMbMiGUW/LMkfsEABsc5zNT9+b1CvsJx47JzJ8g=
github.com/xtgo/uuid v0.0.0-20140804021211-a0b114877d4c/go.mod h1:UrdRz5enIKZ63MEE3IF9l2/ebyx59GyGgPi+tICQdmM=
golang.org/x/image v0.26.0 h1:4XjIFEZWQmCZi6Wv8BoxsDhRU3RVnLX04dToTDAEPlY=
golang.org/x/image v0.26.0/go.mod h1:lcxbMFAovzpnJxzXS3nyL83K27tmqtKzIJpctK8YO5c=
