github.com/flywave/gltf v0.20.4-0.20211102143515-ab21d3e4e95d h1:zXJDX6Pb/RBUtrCGSnJGCcON/gfJlcDfIOa0+/BpFDY=
github.com/flywave/gltf v0.20.4-0.20211102143515-ab21d3e4e95d/go.mod h1:WJQOty0+tEOB05KKpqAT8BhqYYbTknXEFsGL/Yb9Fwo=
github.com/go-test/deep v1.0.1 h1:UQhStjbkDClarlmv0am7OXXO4/GaPdCGiUiMTvi28sg=
github.com/go-test/deep v1.0.1/go.mod h1:wGDj63lr65AM2AQyKZd/NYHGb0R+1RLqB8NKt3aSFNA=
